
Microsoft Visual Studio Solution File, Format Version 12.00
# Visual Studio Version 17
VisualStudioVersion = 17.11.35219.272
MinimumVisualStudioVersion = 10.0.40219.1
Project("{FAE04EC0-301F-11D3-BF4B-00C04F79EFBC}") = "DependencyInversion", "DependencyInversion\DependencyInversion.csproj", "{B5C8A1EA-728C-4C92-A7A6-3A13341DD693}"
EndProject
Global
	GlobalSection(SolutionConfigurationPlatforms) = preSolution
		Debug|Any CPU = Debug|Any CPU
		Release|Any CPU = Release|Any CPU
	EndGlobalSection
	GlobalSection(ProjectConfigurationPlatforms) = postSolution
		{B5C8A1EA-728C-4C92-A7A6-3A13341DD693}.Debug|Any CPU.ActiveCfg = Debug|Any CPU
		{B5C8A1EA-728C-4C92-A7A6-3A13341DD693}.Debug|Any CPU.Build.0 = Debug|Any CPU
		{B5C8A1EA-728C-4C92-A7A6-3A13341DD693}.Release|Any CPU.ActiveCfg = Release|Any CPU
		{B5C8A1EA-728C-4C92-A7A6-3A13341DD693}.Release|Any CPU.Build.0 = Release|Any CPU
	EndGlobalSection
	GlobalSection(SolutionProperties) = preSolution
		HideSolutionNode = FALSE
	EndGlobalSection
	GlobalSection(ExtensibilityGlobals) = postSolution
		SolutionGuid = {89FD829B-F806-437C-AB28-0C7DF3EB54E0}
	EndGlobalSection
EndGlobal
